
Microsoft Visual Studio Solution File, Format Version 12.00
# Visual Studio Version 16
VisualStudioVersion = 16.0.30907.101
MinimumVisualStudioVersion = 10.0.40219.1
Project("{FAE04EC0-301F-11D3-BF4B-00C04F79EFBC}") = "KlaseIObjektiPonavljanjeZadatak2IvanMocilac", "KlaseIObjektiPonavljanjeZadatak2IvanMocilac\KlaseIObjektiPonavljanjeZadatak2IvanMocilac.csproj", "{F221544D-17BC-449D-A5AE-18E40577F2DE}"
EndProject
Global
	GlobalSection(SolutionConfigurationPlatforms) = preSolution
		Debug|Any CPU = Debug|Any CPU
		Release|Any CPU = Release|Any CPU
	EndGlobalSection
	GlobalSection(ProjectConfigurationPlatforms) = postSolution
		{F221544D-17BC-449D-A5AE-18E40577F2DE}.Debug|Any CPU.ActiveCfg = Debug|Any CPU
		{F221544D-17BC-449D-A5AE-18E40577F2DE}.Debug|Any CPU.Build.0 = Debug|Any CPU
		{F221544D-17BC-449D-A5AE-18E40577F2DE}.Release|Any CPU.ActiveCfg = Release|Any CPU
		{F221544D-17BC-449D-A5AE-18E40577F2DE}.Release|Any CPU.Build.0 = Release|Any CPU
	EndGlobalSection
	GlobalSection(SolutionProperties) = preSolution
		HideSolutionNode = FALSE
	EndGlobalSection
	GlobalSection(ExtensibilityGlobals) = postSolution
		SolutionGuid = {F2F3021A-FE9F-4E65-8B36-46E3B2405EEA}
	EndGlobalSection
EndGlobal
